
Microsoft Visual Studio Solution File, Format Version 12.00
# Visual Studio Version 17
VisualStudioVersion = 17.1.32228.430
MinimumVisualStudioVersion = 10.0.40219.1
Project("{FAE04EC0-301F-11D3-BF4B-00C04F79EFBC}") = "Polimorfismo", "Polimorfismo.csproj", "{6F54EB4B-1250-423F-8612-842DB620D443}"
EndProject
Global
	GlobalSection(SolutionConfigurationPlatforms) = preSolution
		Debug|Any CPU = Debug|Any CPU
		Release|Any CPU = Release|Any CPU
	EndGlobalSection
	GlobalSection(ProjectConfigurationPlatforms) = postSolution
		{6F54EB4B-1250-423F-8612-842DB620D443}.Debug|Any CPU.ActiveCfg = Debug|Any CPU
		{6F54EB4B-1250-423F-8612-842DB620D443}.Debug|Any CPU.Build.0 = Debug|Any CPU
		{6F54EB4B-1250-423F-8612-842DB620D443}.Release|Any CPU.ActiveCfg = Release|Any CPU
		{6F54EB4B-1250-423F-8612-842DB620D443}.Release|Any CPU.Build.0 = Release|Any CPU
	EndGlobalSection
	GlobalSection(SolutionProperties) = preSolution
		HideSolutionNode = FALSE
	EndGlobalSection
	GlobalSection(ExtensibilityGlobals) = postSolution
		SolutionGuid = {502E49DA-008C-42EE-8732-5E66B5A9771A}
	EndGlobalSection
EndGlobal
